Microsoft Visual Studio Solution File, Format Version 12.00
# Visual Studio 14
VisualStudioVersion = 14.0.25420.1
MinimumVisualStudioVersion = 10.0.40219.1
Project("{FAE04EC0-301F-11D3-BF4B-00C04F79EFBC}") = "LibAbstraite", "LibAbstraite\LibAbstraite.csproj", "{3C66F374-CA21-4563-8A7E-1960C66E68C0}"
EndProject
Project("{FAE04EC0-301F-11D3-BF4B-00C04F79EFBC}") = "LibMetier", "LibMetier\LibMetier.csproj", "{1F7C1499-F7E3-41DF-8357-7569C9E58B02}"
EndProject
Project("{FAE04EC0-301F-11D3-BF4B-00C04F79EFBC}") = "AnthillSim", "AnthillSim\AnthillSim.csproj", "{00CA8615-632A-4F85-A1CB-E27974F66E23}"
EndProject
Global
	GlobalSection(SolutionConfigurationPlatforms) = preSolution
		Debug|Any CPU = Debug|Any CPU
		Debug|x86 = Debug|x86
		Release|Any CPU = Release|Any CPU
		Release|x86 = Release|x86
	EndGlobalSection
	GlobalSection(ProjectConfigurationPlatforms) = postSolution
		{3C66F374-CA21-4563-8A7E-1960C66E68C0}.Debug|Any CPU.ActiveCfg = Debug|Any CPU
		{3C66F374-CA21-4563-8A7E-1960C66E68C0}.Debug|Any CPU.Build.0 = Debug|Any CPU
		{3C66F374-CA21-4563-8A7E-1960C66E68C0}.Debug|x86.ActiveCfg = Debug|Any CPU
		{3C66F374-CA21-4563-8A7E-1960C66E68C0}.Debug|x86.Build.0 = Debug|Any CPU
		{3C66F374-CA21-4563-8A7E-1960C66E68C0}.Release|Any CPU.ActiveCfg = Release|Any CPU
		{3C66F374-CA21-4563-8A7E-1960C66E68C0}.Release|Any CPU.Build.0 = Release|Any CPU
		{3C66F374-CA21-4563-8A7E-1960C66E68C0}.Release|x86.ActiveCfg = Release|Any CPU
		{3C66F374-CA21-4563-8A7E-1960C66E68C0}.Release|x86.Build.0 = Release|Any CPU
		{1F7C1499-F7E3-41DF-8357-7569C9E58B02}.Debug|Any CPU.ActiveCfg = Debug|Any CPU
		{1F7C1499-F7E3-41DF-8357-7569C9E58B02}.Debug|Any CPU.Build.0 = Debug|Any CPU
		{1F7C1499-F7E3-41DF-8357-7569C9E58B02}.Debug|x86.ActiveCfg = Debug|Any CPU
		{1F7C1499-F7E3-41DF-8357-7569C9E58B02}.Debug|x86.Build.0 = Debug|Any CPU
		{1F7C1499-F7E3-41DF-8357-7569C9E58B02}.Release|Any CPU.ActiveCfg = Release|Any CPU
		{1F7C1499-F7E3-41DF-8357-7569C9E58B02}.Release|Any CPU.Build.0 = Release|Any CPU
		{1F7C1499-F7E3-41DF-8357-7569C9E58B02}.Release|x86.ActiveCfg = Release|Any CPU
		{1F7C1499-F7E3-41DF-8357-7569C9E58B02}.Release|x86.Build.0 = Release|Any CPU
		{00CA8615-632A-4F85-A1CB-E27974F66E23}.Debug|Any CPU.ActiveCfg = Debug|Any CPU
		{00CA8615-632A-4F85-A1CB-E27974F66E23}.Debug|Any CPU.Build.0 = Debug|Any CPU
		{00CA8615-632A-4F85-A1CB-E27974F66E23}.Debug|x86.ActiveCfg = Debug|Any CPU
		{00CA8615-632A-4F85-A1CB-E27974F66E23}.Debug|x86.Build.0 = Debug|Any CPU
		{00CA8615-632A-4F85-A1CB-E27974F66E23}.Release|Any CPU.ActiveCfg = Release|Any CPU
		{00CA8615-632A-4F85-A1CB-E27974F66E23}.Release|Any CPU.Build.0 = Release|Any CPU
		{00CA8615-632A-4F85-A1CB-E27974F66E23}.Release|x86.ActiveCfg = Release|Any CPU
		{00CA8615-632A-4F85-A1CB-E27974F66E23}.Release|x86.Build.0 = Release|Any CPU
	EndGlobalSection
	GlobalSection(SolutionProperties) = preSolution
		HideSolutionNode = FALSE
	EndGlobalSection
EndGlobal
